
Microsoft Visual Studio Solution File, Format Version 12.00
# Visual Studio Version 17
VisualStudioVersion = 17.11.35222.181
MinimumVisualStudioVersion = 10.0.40219.1
Project("{FAE04EC0-301F-11D3-BF4B-00C04F79EFBC}") = "MonkeyTypeApp", "MonkeyTypeApp.csproj", "{39229F09-D7E1-43AC-B009-CB0D17B835A1}"
EndProject
Global
	GlobalSection(SolutionConfigurationPlatforms) = preSolution
		Debug|Any CPU = Debug|Any CPU
		Release|Any CPU = Release|Any CPU
	EndGlobalSection
	GlobalSection(ProjectConfigurationPlatforms) = postSolution
		{39229F09-D7E1-43AC-B009-CB0D17B835A1}.Debug|Any CPU.ActiveCfg = Debug|Any CPU
		{39229F09-D7E1-43AC-B009-CB0D17B835A1}.Debug|Any CPU.Build.0 = Debug|Any CPU
		{39229F09-D7E1-43AC-B009-CB0D17B835A1}.Release|Any CPU.ActiveCfg = Release|Any CPU
		{39229F09-D7E1-43AC-B009-CB0D17B835A1}.Release|Any CPU.Build.0 = Release|Any CPU
	EndGlobalSection
	GlobalSection(SolutionProperties) = preSolution
		HideSolutionNode = FALSE
	EndGlobalSection
	GlobalSection(ExtensibilityGlobals) = postSolution
		SolutionGuid = {505C724E-49A1-45EF-80A9-E0A5E2C12DE1}
	EndGlobalSection
EndGlobal
